# This file was autogenerated by Stack.
# You should not edit this file by hand.
# For more information, please see the documentation at:
#   https://docs.haskellstack.org/en/stable/lock_files

packages:
- completed:
    name: orderbook
    version: 0.1.0.0
    git: https://github.com/runeksvendsen/orderbook.git
    pantry-tree:
      size: 976
      sha256: 3f1f462fbb923a3a64503431590e410f68631aad491fe95c7ccdd7db629df5d7
    commit: 6521d80ffbf17a524de70bda040da170643e5e78
  original:
    git: https://github.com/runeksvendsen/orderbook.git
    commit: 6521d80ffbf17a524de70bda040da170643e5e78
- completed:
    hackage: logging-3.0.5@sha256:88096d3124fce9a19af3720f751e1a354d866ed5030d2e5197238d2277cdb2f2,2374
    pantry-tree:
      size: 264
      sha256: 35c4c46138a30e516c2f27dfc51a993e7d7946af0de1a826f18b71a854c2da21
  original:
    hackage: logging-3.0.5@sha256:88096d3124fce9a19af3720f751e1a354d866ed5030d2e5197238d2277cdb2f2
- completed:
    hackage: rate-limit-1.4.1@sha256:27abe882e8b7851202cac124ea2b631e77ab7216f7a655b0782704838fe3c305,943
    pantry-tree:
      size: 214
      sha256: f5eb6d9a78edc08d896771aefbd6b9986d85724bb1f9bec88fa09fd7a88551b4
  original:
    hackage: rate-limit-1.4.1@sha256:27abe882e8b7851202cac124ea2b631e77ab7216f7a655b0782704838fe3c305
- completed:
    hackage: time-units-1.0.0@sha256:27cf54091c4a0ca73d504fc11d5c31ab4041d17404fe3499945e2055697746c1,928
    pantry-tree:
      size: 212
      sha256: 9b516d4195fcea22cd1f4335cfe210e88deca397ba7dacc494d5a2feb69e1af8
  original:
    hackage: time-units-1.0.0@sha256:27cf54091c4a0ca73d504fc11d5c31ab4041d17404fe3499945e2055697746c1
- completed:
    hackage: retry-0.8.1.0@sha256:a964bc798d9f3cb6020721e7992c1dce71c49cbbdc5c110038ccf9d1da59884d,2207
    pantry-tree:
      size: 433
      sha256: d2661a954fe017b9fcf60fba9226d66e1179983892fd255cd7279c12b8c820e8
  original:
    hackage: retry-0.8.1.0@sha256:a964bc798d9f3cb6020721e7992c1dce71c49cbbdc5c110038ccf9d1da59884d
snapshots:
- completed:
    size: 523443
    url: https://raw.githubusercontent.com/commercialhaskell/stackage-snapshots/master/lts/14/0.yaml
    sha256: 283773e7120f5446d961eab35ea95c9af9c24187cc178537bd29273200a05171
  original: lts-14.0
